// !$*UTF8*$!
{
	archiveVersion = 1;
	classes = {
	};
	objectVersion = 46;
	objects = {

/* Begin PBXBuildFile section */
		797CD5B51C3D5F1300A05101 /* AppDelegate.swift in Sources */ = {isa = PBXBuildFile; fileRef = 797CD5B41C3D5F1300A05101 /* AppDelegate.swift */; };
		797CD5B71C3D5F1300A05101 /* ViewController.swift in Sources */ = {isa = PBXBuildFile; fileRef = 797CD5B61C3D5F1300A05101 /* ViewController.swift */; };
		797CD5BA1C3D5F1300A05101 /* Main.storyboard in Resources */ = {isa = PBXBuildFile; fileRef = 797CD5B81C3D5F1300A05101 /* Main.storyboard */; };
		797CD5BC1C3D5F1300A05101 /* Assets.xcassets in Resources */ = {isa = PBXBuildFile; fileRef = 797CD5BB1C3D5F1300A05101 /* Assets.xcassets */; };
		797CD5BF1C3D5F1300A05101 /* LaunchScreen.storyboard in Resources */ = {isa = PBXBuildFile; fileRef = 797CD5BD1C3D5F1300A05101 /* LaunchScreen.storyboard */; };
		797CD5CA1C3D5F1300A05101 /* About_MeTests.swift in Sources */ = {isa = PBXBuildFile; fileRef = 797CD5C91C3D5F1300A05101 /* About_MeTests.swift */; };
		797CD5D51C3D5F1300A05101 /* About_MeUITests.swift in Sources */ = {isa = PBXBuildFile; fileRef = 797CD5D41C3D5F1300A05101 /* About_MeUITests.swift */; };
		797CD5E41C3D610D00A05101 /* PageViewController.m in Sources */ = {isa = PBXBuildFile; fileRef = 797CD5E31C3D610D00A05101 /* PageViewController.m */; };
		797CD5E91C3D667600A05101 /* LegendOfZeldaController.swift in Sources */ = {isa = PBXBuildFile; fileRef = 797CD5E81C3D667600A05101 /* LegendOfZeldaController.swift */; };
		797CD5ED1C3D688400A05101 /* FamilyController.swift in Sources */ = {isa = PBXBuildFile; fileRef = 797CD5EC1C3D688300A05101 /* FamilyController.swift */; };
		797CD5EF1C3D689C00A05101 /* MeController.swift in Sources */ = {isa = PBXBuildFile; fileRef = 797CD5EE1C3D689C00A05101 /* MeController.swift */; };
		797CD5F11C3D69A000A05101 /* FutureController.swift in Sources */ = {isa = PBXBuildFile; fileRef = 797CD5F01C3D69A000A05101 /* FutureController.swift */; };
/* End PBXBuildFile section */

/* Begin PBXContainerItemProxy section */
		797CD5C61C3D5F1300A05101 /* PBXContainerItemProxy */ = {
			isa = PBXContainerItemProxy;
			containerPortal = 797CD5A91C3D5F1300A05101 /* Project object */;
			proxyType = 1;
			remoteGlobalIDString = 797CD5B01C3D5F1300A05101;
			remoteInfo = "About Me";
		};
		797CD5D11C3D5F1300A05101 /* PBXContainerItemProxy */ = {
			isa = PBXContainerItemProxy;
			containerPortal = 797CD5A91C3D5F1300A05101 /* Project object */;
			proxyType = 1;
			remoteGlobalIDString = 797CD5B01C3D5F1300A05101;
			remoteInfo = "About Me";
		};
/* End PBXContainerItemProxy section */

/* Begin PBXFileReference section */
		797CD5B11C3D5F1300A05101 /* About Me.app */ = {isa = PBXFileReference; explicitFileType = wrapper.application; includeInIndex = 0; path = "About Me.app"; sourceTree = BUILT_PRODUCTS_DIR; };
		797CD5B41C3D5F1300A05101 /* AppDelegate.swift */ = {isa = PBXFileReference; lastKnownFileType = sourcecode.swift; path = AppDelegate.swift; sourceTree = "<group>"; };
		797CD5B61C3D5F1300A05101 /* ViewController.swift */ = {isa = PBXFileReference; lastKnownFileType = sourcecode.swift; path = ViewController.swift; sourceTree = "<group>"; };
		797CD5B91C3D5F1300A05101 /* Base */ = {isa = PBXFileReference; lastKnownFileType = file.storyboard; name = Base; path = Base.lproj/Main.storyboard; sourceTree = "<group>"; };
		797CD5BB1C3D5F1300A05101 /* Assets.xcassets */ = {isa = PBXFileReference; lastKnownFileType = folder.assetcatalog; path = Assets.xcassets; sourceTree = "<group>"; };
		797CD5BE1C3D5F1300A05101 /* Base */ = {isa = PBXFileReference; lastKnownFileType = file.storyboard; name = Base; path = Base.lproj/LaunchScreen.storyboard; sourceTree = "<group>"; };
		797CD5C01C3D5F1300A05101 /* Info.plist */ = {isa = PBXFileReference; lastKnownFileType = text.plist.xml; path = Info.plist; sourceTree = "<group>"; };
		797CD5C51C3D5F1300A05101 /* About MeTests.xctest */ = {isa = PBXFileReference; explicitFileType = wrapper.cfbundle; includeInIndex = 0; path = "About MeTests.xctest"; sourceTree = BUILT_PRODUCTS_DIR; };
		797CD5C91C3D5F1300A05101 /* About_MeTests.swift */ = {isa = PBXFileReference; lastKnownFileType = sourcecode.swift; path = About_MeTests.swift; sourceTree = "<group>"; };
		797CD5CB1C3D5F1300A05101 /* Info.plist */ = {isa = PBXFileReference; lastKnownFileType = text.plist.xml; path = Info.plist; sourceTree = "<group>"; };
		797CD5D01C3D5F1300A05101 /* About MeUITests.xctest */ = {isa = PBXFileReference; explicitFileType = wrapper.cfbundle; includeInIndex = 0; path = "About MeUITests.xctest"; sourceTree = BUILT_PRODUCTS_DIR; };
		797CD5D41C3D5F1300A05101 /* About_MeUITests.swift */ = {isa = PBXFileReference; lastKnownFileType = sourcecode.swift; path = About_MeUITests.swift; sourceTree = "<group>"; };
		797CD5D61C3D5F1300A05101 /* Info.plist */ = {isa = PBXFileReference; lastKnownFileType = text.plist.xml; path = Info.plist; sourceTree = "<group>"; };
		797CD5E21C3D610C00A05101 /* About Me-Bridging-Header.h */ = {isa = PBXFileReference; lastKnownFileType = sourcecode.c.h; path = "About Me-Bridging-Header.h"; sourceTree = "<group>"; };
		797CD5E31C3D610D00A05101 /* PageViewController.m */ = {isa = PBXFileReference; fileEncoding = 4; lastKnownFileType = sourcecode.c.objc; path = PageViewController.m; sourceTree = "<group>"; };
		797CD5E81C3D667600A05101 /* LegendOfZeldaController.swift */ = {isa = PBXFileReference; fileEncoding = 4; lastKnownFileType = sourcecode.swift; path = LegendOfZeldaController.swift; sourceTree = "<group>"; };
		797CD5EC1C3D688300A05101 /* FamilyController.swift */ = {isa = PBXFileReference; fileEncoding = 4; lastKnownFileType = sourcecode.swift; path = FamilyController.swift; sourceTree = "<group>"; };
		797CD5EE1C3D689C00A05101 /* MeController.swift */ = {isa = PBXFileReference; fileEncoding = 4; lastKnownFileType = sourcecode.swift; path = MeController.swift; sourceTree = "<group>"; };
		797CD5F01C3D69A000A05101 /* FutureController.swift */ = {isa = PBXFileReference; fileEncoding = 4; lastKnownFileType = sourcecode.swift; path = FutureController.swift; sourceTree = "<group>"; };
/* End PBXFileReference section */

/* Begin PBXFrameworksBuildPhase section */
		797CD5AE1C3D5F1300A05101 /* Frameworks */ = {
			isa = PBXFrameworksBuildPhase;
			buildActionMask = 2147483647;
			files = (
			);
			runOnlyForDeploymentPostprocessing = 0;
		};
		797CD5C21C3D5F1300A05101 /* Frameworks */ = {
			isa = PBXFrameworksBuildPhase;
			buildActionMask = 2147483647;
			files = (
			);
			runOnlyForDeploymentPostprocessing = 0;
		};
		797CD5CD1C3D5F1300A05101 /* Frameworks */ = {
			isa = PBXFrameworksBuildPhase;
			buildActionMask = 2147483647;
			files = (
			);
			runOnlyForDeploymentPostprocessing = 0;
		};
/* End PBXFrameworksBuildPhase section */

/* Begin PBXGroup section */
		797CD5A81C3D5F1300A05101 = {
			isa = PBXGroup;
			children = (
				797CD5B31C3D5F1300A05101 /* About Me */,
				797CD5C81C3D5F1300A05101 /* About MeTests */,
				797CD5D31C3D5F1300A05101 /* About MeUITests */,
				797CD5B21C3D5F1300A05101 /* Products */,
			);
			sourceTree = "<group>";
		};
		797CD5B21C3D5F1300A05101 /* Products */ = {
			isa = PBXGroup;
			children = (
				797CD5B11C3D5F1300A05101 /* About Me.app */,
				797CD5C51C3D5F1300A05101 /* About MeTests.xctest */,
				797CD5D01C3D5F1300A05101 /* About MeUITests.xctest */,
			);
			name = Products;
			sourceTree = "<group>";
		};
		797CD5B31C3D5F1300A05101 /* About Me */ = {
			isa = PBXGroup;
			children = (
				797CD5E51C3D659400A05101 /* Controller */,
				797CD5B81C3D5F1300A05101 /* Main.storyboard */,
				797CD5E31C3D610D00A05101 /* PageViewController.m */,
				797CD5BB1C3D5F1300A05101 /* Assets.xcassets */,
				797CD5BD1C3D5F1300A05101 /* LaunchScreen.storyboard */,
				797CD5C01C3D5F1300A05101 /* Info.plist */,
				797CD5E21C3D610C00A05101 /* About Me-Bridging-Header.h */,
			);
			path = "About Me";
			sourceTree = "<group>";
		};
		797CD5C81C3D5F1300A05101 /* About MeTests */ = {
			isa = PBXGroup;
			children = (
				797CD5C91C3D5F1300A05101 /* About_MeTests.swift */,
				797CD5CB1C3D5F1300A05101 /* Info.plist */,
			);
			path = "About MeTests";
			sourceTree = "<group>";
		};
		797CD5D31C3D5F1300A05101 /* About MeUITests */ = {
			isa = PBXGroup;
			children = (
				797CD5D41C3D5F1300A05101 /* About_MeUITests.swift */,
				797CD5D61C3D5F1300A05101 /* Info.plist */,
			);
			path = "About MeUITests";
			sourceTree = "<group>";
		};
		797CD5E51C3D659400A05101 /* Controller */ = {
			isa = PBXGroup;
			children = (
				797CD5B61C3D5F1300A05101 /* ViewController.swift */,
				797CD5B41C3D5F1300A05101 /* AppDelegate.swift */,
				797CD5EE1C3D689C00A05101 /* MeController.swift */,
				797CD5E81C3D667600A05101 /* LegendOfZeldaController.swift */,
				797CD5EC1C3D688300A05101 /* FamilyController.swift */,
				797CD5F01C3D69A000A05101 /* FutureController.swift */,
			);
			name = Controller;
			sourceTree = "<group>";
		};
/* End PBXGroup section */

/* Begin PBXNativeTarget section */
		797CD5B01C3D5F1300A05101 /* About Me */ = {
			isa = PBXNativeTarget;
			buildConfigurationList = 797CD5D91C3D5F1300A05101 /* Build configuration list for PBXNativeTarget "About Me" */;
			buildPhases = (
				797CD5AD1C3D5F1300A05101 /* Sources */,
				797CD5AE1C3D5F1300A05101 /* Frameworks */,
				797CD5AF1C3D5F1300A05101 /* Resources */,
			);
			buildRules = (
			);
			dependencies = (
			);
			name = "About Me";
			productName = "About Me";
			productReference = 797CD5B11C3D5F1300A05101 /* About Me.app */;
			productType = "com.apple.product-type.application";
		};
		797CD5C41C3D5F1300A05101 /* About MeTests */ = {
			isa = PBXNativeTarget;
			buildConfigurationList = 797CD5DC1C3D5F1300A05101 /* Build configuration list for PBXNativeTarget "About MeTests" */;
			buildPhases = (
				797CD5C11C3D5F1300A05101 /* Sources */,
				797CD5C21C3D5F1300A05101 /* Frameworks */,
				797CD5C31C3D5F1300A05101 /* Resources */,
			);
			buildRules = (
			);
			dependencies = (
				797CD5C71C3D5F1300A05101 /* PBXTargetDependency */,
			);
			name = "About MeTests";
			productName = "About MeTests";
			productReference = 797CD5C51C3D5F1300A05101 /* About MeTests.xctest */;
			productType = "com.apple.product-type.bundle.unit-test";
		};
		797CD5CF1C3D5F1300A05101 /* About MeUITests */ = {
			isa = PBXNativeTarget;
			buildConfigurationList = 797CD5DF1C3D5F1300A05101 /* Build configuration list for PBXNativeTarget "About MeUITests" */;
			buildPhases = (
				797CD5CC1C3D5F1300A05101 /* Sources */,
				797CD5CD1C3D5F1300A05101 /* Frameworks */,
				797CD5CE1C3D5F1300A05101 /* Resources */,
			);
			buildRules = (
			);
			dependencies = (
				797CD5D21C3D5F1300A05101 /* PBXTargetDependency */,
			);
			name = "About MeUITests";
			productName = "About MeUITests";
			productReference = 797CD5D01C3D5F1300A05101 /* About MeUITests.xctest */;
			productType = "com.apple.product-type.bundle.ui-testing";
		};
/* End PBXNativeTarget section */

/* Begin PBXProject section */
		797CD5A91C3D5F1300A05101 /* Project object */ = {
			isa = PBXProject;
			attributes = {
				LastSwiftUpdateCheck = 0720;
				LastUpgradeCheck = 0720;
				ORGANIZATIONNAME = "Hite, Alan";
				TargetAttributes = {
					797CD5B01C3D5F1300A05101 = {
						CreatedOnToolsVersion = 7.2;
					};
					797CD5C41C3D5F1300A05101 = {
						CreatedOnToolsVersion = 7.2;
						TestTargetID = 797CD5B01C3D5F1300A05101;
					};
					797CD5CF1C3D5F1300A05101 = {
						CreatedOnToolsVersion = 7.2;
						TestTargetID = 797CD5B01C3D5F1300A05101;
					};
				};
			};
			buildConfigurationList = 797CD5AC1C3D5F1300A05101 /* Build configuration list for PBXProject "About Me" */;
			compatibilityVersion = "Xcode 3.2";
			developmentRegion = English;
			hasScannedForEncodings = 0;
			knownRegions = (
				en,
				Base,
			);
			mainGroup = 797CD5A81C3D5F1300A05101;
			productRefGroup = 797CD5B21C3D5F1300A05101 /* Products */;
			projectDirPath = "";
			projectRoot = "";
			targets = (
				797CD5B01C3D5F1300A05101 /* About Me */,
				797CD5C41C3D5F1300A05101 /* About MeTests */,
				797CD5CF1C3D5F1300A05101 /* About MeUITests */,
			);
		};
/* End PBXProject section */

/* Begin PBXResourcesBuildPhase section */
		797CD5AF1C3D5F1300A05101 /* Resources */ = {
			isa = PBXResourcesBuildPhase;
			buildActionMask = 2147483647;
			files = (
				797CD5BF1C3D5F1300A05101 /* LaunchScreen.storyboard in Resources */,
				797CD5BC1C3D5F1300A05101 /* Assets.xcassets in Resources */,
				797CD5BA1C3D5F1300A05101 /* Main.storyboard in Resources */,
			);
			runOnlyForDeploymentPostprocessing = 0;
		};
		797CD5C31C3D5F1300A05101 /* Resources */ = {
			isa = PBXResourcesBuildPhase;
			buildActionMask = 2147483647;
			files = (
			);
			runOnlyForDeploymentPostprocessing = 0;
		};
		797CD5CE1C3D5F1300A05101 /* Resources */ = {
			isa = PBXResourcesBuildPhase;
			buildActionMask = 2147483647;
			files = (
			);
			runOnlyForDeploymentPostprocessing = 0;
		};
/* End PBXResourcesBuildPhase section */

/* Begin PBXSourcesBuildPhase section */
		797CD5AD1C3D5F1300A05101 /* Sources */ = {
			isa = PBXSourcesBuildPhase;
			buildActionMask = 2147483647;
			files = (
				797CD5B71C3D5F1300A05101 /* ViewController.swift in Sources */,
				797CD5ED1C3D688400A05101 /* FamilyController.swift in Sources */,
				797CD5B51C3D5F1300A05101 /* AppDelegate.swift in Sources */,
				797CD5F11C3D69A000A05101 /* FutureController.swift in Sources */,
				797CD5EF1C3D689C00A05101 /* MeController.swift in Sources */,
				797CD5E91C3D667600A05101 /* LegendOfZeldaController.swift in Sources */,
				797CD5E41C3D610D00A05101 /* PageViewController.m in Sources */,
			);
			runOnlyForDeploymentPostprocessing = 0;
		};
		797CD5C11C3D5F1300A05101 /* Sources */ = {
			isa = PBXSourcesBuildPhase;
			buildActionMask = 2147483647;
			files = (
				797CD5CA1C3D5F1300A05101 /* About_MeTests.swift in Sources */,
			);
			runOnlyForDeploymentPostprocessing = 0;
		};
		797CD5CC1C3D5F1300A05101 /* Sources */ = {
			isa = PBXSourcesBuildPhase;
			buildActionMask = 2147483647;
			files = (
				797CD5D51C3D5F1300A05101 /* About_MeUITests.swift in Sources */,
			);
			runOnlyForDeploymentPostprocessing = 0;
		};
/* End PBXSourcesBuildPhase section */

/* Begin PBXTargetDependency section */
		797CD5C71C3D5F1300A05101 /* PBXTargetDependency */ = {
			isa = PBXTargetDependency;
			target = 797CD5B01C3D5F1300A05101 /* About Me */;
			targetProxy = 797CD5C61C3D5F1300A05101 /* PBXContainerItemProxy */;
		};
		797CD5D21C3D5F1300A05101 /* PBXTargetDependency */ = {
			isa = PBXTargetDependency;
			target = 797CD5B01C3D5F1300A05101 /* About Me */;
			targetProxy = 797CD5D11C3D5F1300A05101 /* PBXContainerItemProxy */;
		};
/* End PBXTargetDependency section */

/* Begin PBXVariantGroup section */
		797CD5B81C3D5F1300A05101 /* Main.storyboard */ = {
			isa = PBXVariantGroup;
			children = (
				797CD5B91C3D5F1300A05101 /* Base */,
			);
			name = Main.storyboard;
			sourceTree = "<group>";
		};
		797CD5BD1C3D5F1300A05101 /* LaunchScreen.storyboard */ = {
			isa = PBXVariantGroup;
			children = (
				797CD5BE1C3D5F1300A05101 /* Base */,
			);
			name = LaunchScreen.storyboard;
			sourceTree = "<group>";
		};
/* End PBXVariantGroup section */

/* Begin XCBuildConfiguration section */
		797CD5D71C3D5F1300A05101 /* Debug */ = {
			isa = XCBuildConfiguration;
			buildSettings = {
				ALWAYS_SEARCH_USER_PATHS = NO;
				CLANG_CXX_LANGUAGE_STANDARD = "gnu++0x";
				CLANG_CXX_LIBRARY = "libc++";
				CLANG_ENABLE_MODULES = YES;
				CLANG_ENABLE_OBJC_ARC = YES;
				CLANG_WARN_BOOL_CONVERSION = YES;
				CLANG_WARN_CONSTANT_CONVERSION = YES;
				CLANG_WARN_DIRECT_OBJC_ISA_USAGE = YES_ERROR;
				CLANG_WARN_EMPTY_BODY = YES;
				CLANG_WARN_ENUM_CONVERSION = YES;
				CLANG_WARN_INT_CONVERSION = YES;
				CLANG_WARN_OBJC_ROOT_CLASS = YES_ERROR;
				CLANG_WARN_UNREACHABLE_CODE = YES;
				CLANG_WARN__DUPLICATE_METHOD_MATCH = YES;
				"CODE_SIGN_IDENTITY[sdk=iphoneos*]" = "iPhone Developer";
				COPY_PHASE_STRIP = NO;
				DEBUG_INFORMATION_FORMAT = dwarf;
				ENABLE_STRICT_OBJC_MSGSEND = YES;
				ENABLE_TESTABILITY = YES;
				GCC_C_LANGUAGE_STANDARD = gnu99;
				GCC_DYNAMIC_NO_PIC = NO;
				GCC_NO_COMMON_BLOCKS = YES;
				GCC_OPTIMIZATION_LEVEL = 0;
				GCC_PREPROCESSOR_DEFINITIONS = (
					"DEBUG=1",
					"$(inherited)",
				);
				GCC_WARN_64_TO_32_BIT_CONVERSION = YES;
				GCC_WARN_ABOUT_RETURN_TYPE = YES_ERROR;
				GCC_WARN_UNDECLARED_SELECTOR = YES;
				GCC_WARN_UNINITIALIZED_AUTOS = YES_AGGRESSIVE;
				GCC_WARN_UNUSED_FUNCTION = YES;
				GCC_WARN_UNUSED_VARIABLE = YES;
				IPHONEOS_DEPLOYMENT_TARGET = 9.2;
				MTL_ENABLE_DEBUG_INFO = YES;
				ONLY_ACTIVE_ARCH = YES;
				SDKROOT = iphoneos;
				SWIFT_OPTIMIZATION_LEVEL = "-Onone";
				TARGETED_DEVICE_FAMILY = "1,2";
			};
			name = Debug;
		};
		797CD5D81C3D5F1300A05101 /* Release */ = {
			isa = XCBuildConfiguration;
			buildSettings = {
				ALWAYS_SEARCH_USER_PATHS = NO;
				CLANG_CXX_LANGUAGE_STANDARD = "gnu++0x";
				CLANG_CXX_LIBRARY = "libc++";
				CLANG_ENABLE_MODULES = YES;
				CLANG_ENABLE_OBJC_ARC = YES;
				CLANG_WARN_BOOL_CONVERSION = YES;
				CLANG_WARN_CONSTANT_CONVERSION = YES;
				CLANG_WARN_DIRECT_OBJC_ISA_USAGE = YES_ERROR;
				CLANG_WARN_EMPTY_BODY = YES;
				CLANG_WARN_ENUM_CONVERSION = YES;
				CLANG_WARN_INT_CONVERSION = YES;
				CLANG_WARN_OBJC_ROOT_CLASS = YES_ERROR;
				CLANG_WARN_UNREACHABLE_CODE = YES;
				CLANG_WARN__DUPLICATE_METHOD_MATCH = YES;
				"CODE_SIGN_IDENTITY[sdk=iphoneos*]" = "iPhone Developer";
				COPY_PHASE_STRIP = NO;
				DEBUG_INFORMATION_FORMAT = "dwarf-with-dsym";
				ENABLE_NS_ASSERTIONS = NO;
				ENABLE_STRICT_OBJC_MSGSEND = YES;
				GCC_C_LANGUAGE_STANDARD = gnu99;
				GCC_NO_COMMON_BLOCKS = YES;
				GCC_WARN_64_TO_32_BIT_CONVERSION = YES;
				GCC_WARN_ABOUT_RETURN_TYPE = YES_ERROR;
				GCC_WARN_UNDECLARED_SELECTOR = YES;
				GCC_WARN_UNINITIALIZED_AUTOS = YES_AGGRESSIVE;
				GCC_WARN_UNUSED_FUNCTION = YES;
				GCC_WARN_UNUSED_VARIABLE = YES;
				IPHONEOS_DEPLOYMENT_TARGET = 9.2;
				MTL_ENABLE_DEBUG_INFO = NO;
				SDKROOT = iphoneos;
				TARGETED_DEVICE_FAMILY = "1,2";
				VALIDATE_PRODUCT = YES;
			};
			name = Release;
		};
		797CD5DA1C3D5F1300A05101 /* Debug */ = {
			isa = XCBuildConfiguration;
			buildSettings = {
				ASSETCATALOG_COMPILER_APPICON_NAME = AppIcon;
				CLANG_ENABLE_MODULES = YES;
				INFOPLIST_FILE = "About Me/Info.plist";
				LD_RUNPATH_SEARCH_PATHS = "$(inherited) @executable_path/Frameworks";
				PRODUCT_BUNDLE_IDENTIFIER = "CTEC.About-Me";
				PRODUCT_NAME = "$(TARGET_NAME)";
				SWIFT_OBJC_BRIDGING_HEADER = "About Me/About Me-Bridging-Header.h";
				SWIFT_OPTIMIZATION_LEVEL = "-Onone";
			};
			name = Debug;
		};
		797CD5DB1C3D5F1300A05101 /* Release */ = {
			isa = XCBuildConfiguration;
			buildSettings = {
				ASSETCATALOG_COMPILER_APPICON_NAME = AppIcon;
				CLANG_ENABLE_MODULES = YES;
				INFOPLIST_FILE = "About Me/Info.plist";
				LD_RUNPATH_SEARCH_PATHS = "$(inherited) @executable_path/Frameworks";
				PRODUCT_BUNDLE_IDENTIFIER = "CTEC.About-Me";
				PRODUCT_NAME = "$(TARGET_NAME)";
				SWIFT_OBJC_BRIDGING_HEADER = "About Me/About Me-Bridging-Header.h";
			};
			name = Release;
		};
		797CD5DD1C3D5F1300A05101 /* Debug */ = {
			isa = XCBuildConfiguration;
			buildSettings = {
				BUNDLE_LOADER = "$(TEST_HOST)";
				INFOPLIST_FILE = "About MeTests/Info.plist";
				LD_RUNPATH_SEARCH_PATHS = "$(inherited) @executable_path/Frameworks @loader_path/Frameworks";
				PRODUCT_BUNDLE_IDENTIFIER = "CTEC.About-MeTests";
				PRODUCT_NAME = "$(TARGET_NAME)";
				TEST_HOST = "$(BUILT_PRODUCTS_DIR)/About Me.app/About Me";
			};
			name = Debug;
		};
		797CD5DE1C3D5F1300A05101 /* Release */ = {
			isa = XCBuildConfiguration;
			buildSettings = {
				BUNDLE_LOADER = "$(TEST_HOST)";
				INFOPLIST_FILE = "About MeTests/Info.plist";
				LD_RUNPATH_SEARCH_PATHS = "$(inherited) @executable_path/Frameworks @loader_path/Frameworks";
				PRODUCT_BUNDLE_IDENTIFIER = "CTEC.About-MeTests";
				PRODUCT_NAME = "$(TARGET_NAME)";
				TEST_HOST = "$(BUILT_PRODUCTS_DIR)/About Me.app/About Me";
			};
			name = Release;
		};
		797CD5E01C3D5F1300A05101 /* Debug */ = {
			isa = XCBuildConfiguration;
			buildSettings = {
				INFOPLIST_FILE = "About MeUITests/Info.plist";
				LD_RUNPATH_SEARCH_PATHS = "$(inherited) @executable_path/Frameworks @loader_path/Frameworks";
				PRODUCT_BUNDLE_IDENTIFIER = "CTEC.About-MeUITests";
				PRODUCT_NAME = "$(TARGET_NAME)";
				TEST_TARGET_NAME = "About Me";
				USES_XCTRUNNER = YES;
			};
			name = Debug;
		};
		797CD5E11C3D5F1300A05101 /* Release */ = {
			isa = XCBuildConfiguration;
			buildSettings = {
				INFOPLIST_FILE = "About MeUITests/Info.plist";
				LD_RUNPATH_SEARCH_PATHS = "$(inherited) @executable_path/Frameworks @loader_path/Frameworks";
				PRODUCT_BUNDLE_IDENTIFIER = "CTEC.About-MeUITests";
				PRODUCT_NAME = "$(TARGET_NAME)";
				TEST_TARGET_NAME = "About Me";
				USES_XCTRUNNER = YES;
			};
			name = Release;
		};
/* End XCBuildConfiguration section */

/* Begin XCConfigurationList section */
		797CD5AC1C3D5F1300A05101 /* Build configuration list for PBXProject "About Me" */ = {
			isa = XCConfigurationList;
			buildConfigurations = (
				797CD5D71C3D5F1300A05101 /* Debug */,
				797CD5D81C3D5F1300A05101 /* Release */,
			);
			defaultConfigurationIsVisible = 0;
			defaultConfigurationName = Release;
		};
		797CD5D91C3D5F1300A05101 /* Build configuration list for PBXNativeTarget "About Me" */ = {
			isa = XCConfigurationList;
			buildConfigurations = (
				797CD5DA1C3D5F1300A05101 /* Debug */,
				797CD5DB1C3D5F1300A05101 /* Release */,
			);
			defaultConfigurationIsVisible = 0;
		};
		797CD5DC1C3D5F1300A05101 /* Build configuration list for PBXNativeTarget "About MeTests" */ = {
			isa = XCConfigurationList;
			buildConfigurations = (
				797CD5DD1C3D5F1300A05101 /* Debug */,
				797CD5DE1C3D5F1300A05101 /* Release */,
			);
			defaultConfigurationIsVisible = 0;
		};
		797CD5DF1C3D5F1300A05101 /* Build configuration list for PBXNativeTarget "About MeUITests" */ = {
			isa = XCConfigurationList;
			buildConfigurations = (
				797CD5E01C3D5F1300A05101 /* Debug */,
				797CD5E11C3D5F1300A05101 /* Release */,
			);
			defaultConfigurationIsVisible = 0;
		};
/* End XCConfigurationList section */
	};
	rootObject = 797CD5A91C3D5F1300A05101 /* Project object */;
}
